
Microsoft Visual Studio Solution File, Format Version 12.00
# Visual Studio 14
VisualStudioVersion = 14.0.25420.1
MinimumVisualStudioVersion = 10.0.40219.1
Project("{8BC9CEB8-8B4A-11D0-8D11-00A0C91BC942}") = "OpenCV_VS", "OpenCV_Test\OpenCV_Test.vcxproj", "{C08604E6-3E92-43A8-8007-8E68B0CF9B7E}"
EndProject
Project("{8BC9CEB8-8B4A-11D0-8D11-00A0C91BC942}") = "OpenCV_Face", "OpenCV_Face\OpenCV_Face.vcxproj", "{C724E19C-1931-4307-9D9E-20E49D92EF60}"
EndProject
Project("{8BC9CEB8-8B4A-11D0-8D11-00A0C91BC942}") = "OpenCV_CarNum", "OpenCV_CarNum\OpenCV_CarNum.vcxproj", "{F05FA104-EF7F-47EA-AFA1-255A735A3205}"
EndProject
Project("{8BC9CEB8-8B4A-11D0-8D11-00A0C91BC942}") = "OpenCV_Landmark", "OpenCV_Landmark\OpenCV_Landmark.vcxproj", "{19D21B3B-B9DB-4897-B75C-0EA8B55B059F}"
EndProject
Project("{8BC9CEB8-8B4A-11D0-8D11-00A0C91BC942}") = "OpenCV_DNN", "OpenCV_SSD\OpenCV_SSD.vcxproj", "{83EF99BC-2F29-4A1A-9C17-ABA2E4BA6196}"
EndProject
Project("{8BC9CEB8-8B4A-11D0-8D11-00A0C91BC942}") = "OpenCV_BinaryAnalysis", "OpenCV_BinaryAnalysis\OpenCV_BinaryAnalysis.vcxproj", "{A47A627F-CAAE-4EEC-8AFA-951C4B0BB034}"
EndProject
Project("{8BC9CEB8-8B4A-11D0-8D11-00A0C91BC942}") = "OpenCV_ElecFind", "OpenCV_ElecFind\OpenCV_ElecFind.vcxproj", "{3CD87903-729A-4D7A-BF9D-C6BC9576B3E2}"
EndProject
Global
	GlobalSection(SolutionConfigurationPlatforms) = preSolution
		Debug|x64 = Debug|x64
		Debug|x86 = Debug|x86
		Release|x64 = Release|x64
		Release|x86 = Release|x86
	EndGlobalSection
	GlobalSection(ProjectConfigurationPlatforms) = postSolution
		{C08604E6-3E92-43A8-8007-8E68B0CF9B7E}.Debug|x64.ActiveCfg = Debug|x64
		{C08604E6-3E92-43A8-8007-8E68B0CF9B7E}.Debug|x64.Build.0 = Debug|x64
		{C08604E6-3E92-43A8-8007-8E68B0CF9B7E}.Debug|x86.ActiveCfg = Debug|Win32
		{C08604E6-3E92-43A8-8007-8E68B0CF9B7E}.Debug|x86.Build.0 = Debug|Win32
		{C08604E6-3E92-43A8-8007-8E68B0CF9B7E}.Release|x64.ActiveCfg = Release|x64
		{C08604E6-3E92-43A8-8007-8E68B0CF9B7E}.Release|x64.Build.0 = Release|x64
		{C08604E6-3E92-43A8-8007-8E68B0CF9B7E}.Release|x86.ActiveCfg = Release|Win32
		{C08604E6-3E92-43A8-8007-8E68B0CF9B7E}.Release|x86.Build.0 = Release|Win32
		{C724E19C-1931-4307-9D9E-20E49D92EF60}.Debug|x64.ActiveCfg = Debug|x64
		{C724E19C-1931-4307-9D9E-20E49D92EF60}.Debug|x64.Build.0 = Debug|x64
		{C724E19C-1931-4307-9D9E-20E49D92EF60}.Debug|x86.ActiveCfg = Debug|Win32
		{C724E19C-1931-4307-9D9E-20E49D92EF60}.Debug|x86.Build.0 = Debug|Win32
		{C724E19C-1931-4307-9D9E-20E49D92EF60}.Release|x64.ActiveCfg = Release|x64
		{C724E19C-1931-4307-9D9E-20E49D92EF60}.Release|x64.Build.0 = Release|x64
		{C724E19C-1931-4307-9D9E-20E49D92EF60}.Release|x86.ActiveCfg = Release|Win32
		{C724E19C-1931-4307-9D9E-20E49D92EF60}.Release|x86.Build.0 = Release|Win32
		{F05FA104-EF7F-47EA-AFA1-255A735A3205}.Debug|x64.ActiveCfg = Debug|x64
		{F05FA104-EF7F-47EA-AFA1-255A735A3205}.Debug|x64.Build.0 = Debug|x64
		{F05FA104-EF7F-47EA-AFA1-255A735A3205}.Debug|x86.ActiveCfg = Debug|Win32
		{F05FA104-EF7F-47EA-AFA1-255A735A3205}.Debug|x86.Build.0 = Debug|Win32
		{F05FA104-EF7F-47EA-AFA1-255A735A3205}.Release|x64.ActiveCfg = Release|x64
		{F05FA104-EF7F-47EA-AFA1-255A735A3205}.Release|x64.Build.0 = Release|x64
		{F05FA104-EF7F-47EA-AFA1-255A735A3205}.Release|x86.ActiveCfg = Release|Win32
		{F05FA104-EF7F-47EA-AFA1-255A735A3205}.Release|x86.Build.0 = Release|Win32
		{19D21B3B-B9DB-4897-B75C-0EA8B55B059F}.Debug|x64.ActiveCfg = Debug|x64
		{19D21B3B-B9DB-4897-B75C-0EA8B55B059F}.Debug|x64.Build.0 = Debug|x64
		{19D21B3B-B9DB-4897-B75C-0EA8B55B059F}.Debug|x86.ActiveCfg = Debug|Win32
		{19D21B3B-B9DB-4897-B75C-0EA8B55B059F}.Debug|x86.Build.0 = Debug|Win32
		{19D21B3B-B9DB-4897-B75C-0EA8B55B059F}.Release|x64.ActiveCfg = Release|x64
		{19D21B3B-B9DB-4897-B75C-0EA8B55B059F}.Release|x64.Build.0 = Release|x64
		{19D21B3B-B9DB-4897-B75C-0EA8B55B059F}.Release|x86.ActiveCfg = Release|Win32
		{19D21B3B-B9DB-4897-B75C-0EA8B55B059F}.Release|x86.Build.0 = Release|Win32
		{83EF99BC-2F29-4A1A-9C17-ABA2E4BA6196}.Debug|x64.ActiveCfg = Debug|x64
		{83EF99BC-2F29-4A1A-9C17-ABA2E4BA6196}.Debug|x64.Build.0 = Debug|x64
		{83EF99BC-2F29-4A1A-9C17-ABA2E4BA6196}.Debug|x86.ActiveCfg = Debug|Win32
		{83EF99BC-2F29-4A1A-9C17-ABA2E4BA6196}.Debug|x86.Build.0 = Debug|Win32
		{83EF99BC-2F29-4A1A-9C17-ABA2E4BA6196}.Release|x64.ActiveCfg = Release|x64
		{83EF99BC-2F29-4A1A-9C17-ABA2E4BA6196}.Release|x64.Build.0 = Release|x64
		{83EF99BC-2F29-4A1A-9C17-ABA2E4BA6196}.Release|x86.ActiveCfg = Release|Win32
		{83EF99BC-2F29-4A1A-9C17-ABA2E4BA6196}.Release|x86.Build.0 = Release|Win32
		{A47A627F-CAAE-4EEC-8AFA-951C4B0BB034}.Debug|x64.ActiveCfg = Debug|x64
		{A47A627F-CAAE-4EEC-8AFA-951C4B0BB034}.Debug|x64.Build.0 = Debug|x64
		{A47A627F-CAAE-4EEC-8AFA-951C4B0BB034}.Debug|x86.ActiveCfg = Debug|Win32
		{A47A627F-CAAE-4EEC-8AFA-951C4B0BB034}.Debug|x86.Build.0 = Debug|Win32
		{A47A627F-CAAE-4EEC-8AFA-951C4B0BB034}.Release|x64.ActiveCfg = Release|x64
		{A47A627F-CAAE-4EEC-8AFA-951C4B0BB034}.Release|x64.Build.0 = Release|x64
		{A47A627F-CAAE-4EEC-8AFA-951C4B0BB034}.Release|x86.ActiveCfg = Release|Win32
		{A47A627F-CAAE-4EEC-8AFA-951C4B0BB034}.Release|x86.Build.0 = Release|Win32
		{3CD87903-729A-4D7A-BF9D-C6BC9576B3E2}.Debug|x64.ActiveCfg = Debug|x64
		{3CD87903-729A-4D7A-BF9D-C6BC9576B3E2}.Debug|x64.Build.0 = Debug|x64
		{3CD87903-729A-4D7A-BF9D-C6BC9576B3E2}.Debug|x86.ActiveCfg = Debug|Win32
		{3CD87903-729A-4D7A-BF9D-C6BC9576B3E2}.Debug|x86.Build.0 = Debug|Win32
		{3CD87903-729A-4D7A-BF9D-C6BC9576B3E2}.Release|x64.ActiveCfg = Release|x64
		{3CD87903-729A-4D7A-BF9D-C6BC9576B3E2}.Release|x64.Build.0 = Release|x64
		{3CD87903-729A-4D7A-BF9D-C6BC9576B3E2}.Release|x86.ActiveCfg = Release|Win32
		{3CD87903-729A-4D7A-BF9D-C6BC9576B3E2}.Release|x86.Build.0 = Release|Win32
	EndGlobalSection
	GlobalSection(SolutionProperties) = preSolution
		HideSolutionNode = FALSE
	EndGlobalSection
EndGlobal
