
Microsoft Visual Studio Solution File, Format Version 12.00
# Visual Studio 14
VisualStudioVersion = 14.0.25420.1
MinimumVisualStudioVersion = 10.0.40219.1
Project("{8BC9CEB8-8B4A-11D0-8D11-00A0C91BC942}") = "OpenCV_VS", "OpenCV_Test\OpenCV_Test.vcxproj", "{C08604E6-3E92-43A8-8007-8E68B0CF9B7E}"
EndProject
Project("{8BC9CEB8-8B4A-11D0-8D11-00A0C91BC942}") = "OpenCV_Face", "OpenCV_Face\OpenCV_Face.vcxproj", "{C724E19C-1931-4307-9D9E-20E49D92EF60}"
EndProject
Project("{8BC9CEB8-8B4A-11D0-8D11-00A0C91BC942}") = "OpenCV_CarNum", "OpenCV_CarNum\OpenCV_CarNum.vcxproj", "{F05FA104-EF7F-47EA-AFA1-255A735A3205}"
EndProject
Project("{8BC9CEB8-8B4A-11D0-8D11-00A0C91BC942}") = "OpenCV_Landmark", "OpenCV_Landmark\OpenCV_Landmark.vcxproj", "{19D21B3B-B9DB-4897-B75C-0EA8B55B059F}"
EndProject
Project("{8BC9CEB8-8B4A-11D0-8D11-00A0C91BC942}") = "OpenCV_DNN", "OpenCV_SSD\OpenCV_SSD.vcxproj", "{83EF99BC-2F29-4A1A-9C17-ABA2E4BA6196}"
EndProject
Project("{8BC9CEB8-8B4A-11D0-8D11-00A0C91BC942}") = "OpenCV_BinaryAnalysis", "OpenCV_BinaryAnalysis\OpenCV_BinaryAnalysis.vcxproj", "{A47A627F-CAAE-4EEC-8AFA-951C4B0BB034}"
EndProject
Project("{8BC9CEB8-8B4A-11D0-8D11-00A0C91BC942}") = "OpenCV_ElecFind", "OpenCV_ElecFind\OpenCV_ElecFind.vcxproj", "{3CD87903-729A-4D7A-BF9D-C6BC9576B3E2}"
EndProject
Project("{8BC9CEB8-8B4A-11D0-8D11-00A0C91BC942}") = "OpenCV_FaceSwap", "OpenCV_FaceSwap\OpenCV_FaceSwap.vcxproj", "{37C75B50-7CA7-49A8-AA7E-6CC63DA9EAD9}"
EndProject
Project("{8BC9CEB8-8B4A-11D0-8D11-00A0C91BC942}") = "OpenCV_Inception", "OpenCV_Inception\OpenCV_Inception.vcxproj", "{87CE5905-CA65-47A0-A998-84468D8FF971}"
EndProject
Project("{8BC9CEB8-8B4A-11D0-8D11-00A0C91BC942}") = "OpenCV_FindLanes", "OpenCV_FindLanes\OpenCV_FindLanes.vcxproj", "{25BFD7F7-C56B-422F-ADCB-2EECEEB35D1C}"
EndProject
Project("{8BC9CEB8-8B4A-11D0-8D11-00A0C91BC942}") = "OpenCV_BlendMask", "OpenCV_BlendMask\OpenCV_BlendMask.vcxproj", "{975FF7C6-F4DD-44D2-92DC-526B0F6D1B46}"
EndProject
Project("{8BC9CEB8-8B4A-11D0-8D11-00A0C91BC942}") = "OpenCV_Yolov", "OpenCV_Yolov\OpenCV_Yolov.vcxproj", "{10A5B43E-08C3-440A-88FE-72650C938FD9}"
EndProject
Project("{8BC9CEB8-8B4A-11D0-8D11-00A0C91BC942}") = "OpenCV_Histogram", "OpenCV_Histogram\OpenCV_Histogram.vcxproj", "{13EAE88A-A613-4BF9-8236-457FFCAC525E}"
EndProject
Project("{8BC9CEB8-8B4A-11D0-8D11-00A0C91BC942}") = "OpenCV_AndmarkDelaunay", "OpenCV_AndmarkDelaunay\OpenCV_AndmarkDelaunay.vcxproj", "{A61A5FC6-927B-4C9D-B8A9-7F8FF051712C}"
EndProject
Global
	GlobalSection(SolutionConfigurationPlatforms) = preSolution
		Debug|x64 = Debug|x64
		Debug|x86 = Debug|x86
		Release|x64 = Release|x64
		Release|x86 = Release|x86
	EndGlobalSection
	GlobalSection(ProjectConfigurationPlatforms) = postSolution
		{C08604E6-3E92-43A8-8007-8E68B0CF9B7E}.Debug|x64.ActiveCfg = Debug|x64
		{C08604E6-3E92-43A8-8007-8E68B0CF9B7E}.Debug|x64.Build.0 = Debug|x64
		{C08604E6-3E92-43A8-8007-8E68B0CF9B7E}.Debug|x86.ActiveCfg = Debug|Win32
		{C08604E6-3E92-43A8-8007-8E68B0CF9B7E}.Debug|x86.Build.0 = Debug|Win32
		{C08604E6-3E92-43A8-8007-8E68B0CF9B7E}.Release|x64.ActiveCfg = Release|x64
		{C08604E6-3E92-43A8-8007-8E68B0CF9B7E}.Release|x64.Build.0 = Release|x64
		{C08604E6-3E92-43A8-8007-8E68B0CF9B7E}.Release|x86.ActiveCfg = Release|Win32
		{C08604E6-3E92-43A8-8007-8E68B0CF9B7E}.Release|x86.Build.0 = Release|Win32
		{C724E19C-1931-4307-9D9E-20E49D92EF60}.Debug|x64.ActiveCfg = Debug|x64
		{C724E19C-1931-4307-9D9E-20E49D92EF60}.Debug|x64.Build.0 = Debug|x64
		{C724E19C-1931-4307-9D9E-20E49D92EF60}.Debug|x86.ActiveCfg = Debug|Win32
		{C724E19C-1931-4307-9D9E-20E49D92EF60}.Debug|x86.Build.0 = Debug|Win32
		{C724E19C-1931-4307-9D9E-20E49D92EF60}.Release|x64.ActiveCfg = Release|x64
		{C724E19C-1931-4307-9D9E-20E49D92EF60}.Release|x64.Build.0 = Release|x64
		{C724E19C-1931-4307-9D9E-20E49D92EF60}.Release|x86.ActiveCfg = Release|Win32
		{C724E19C-1931-4307-9D9E-20E49D92EF60}.Release|x86.Build.0 = Release|Win32
		{F05FA104-EF7F-47EA-AFA1-255A735A3205}.Debug|x64.ActiveCfg = Debug|x64
		{F05FA104-EF7F-47EA-AFA1-255A735A3205}.Debug|x64.Build.0 = Debug|x64
		{F05FA104-EF7F-47EA-AFA1-255A735A3205}.Debug|x86.ActiveCfg = Debug|Win32
		{F05FA104-EF7F-47EA-AFA1-255A735A3205}.Debug|x86.Build.0 = Debug|Win32
		{F05FA104-EF7F-47EA-AFA1-255A735A3205}.Release|x64.ActiveCfg = Release|x64
		{F05FA104-EF7F-47EA-AFA1-255A735A3205}.Release|x64.Build.0 = Release|x64
		{F05FA104-EF7F-47EA-AFA1-255A735A3205}.Release|x86.ActiveCfg = Release|Win32
		{F05FA104-EF7F-47EA-AFA1-255A735A3205}.Release|x86.Build.0 = Release|Win32
		{19D21B3B-B9DB-4897-B75C-0EA8B55B059F}.Debug|x64.ActiveCfg = Debug|x64
		{19D21B3B-B9DB-4897-B75C-0EA8B55B059F}.Debug|x64.Build.0 = Debug|x64
		{19D21B3B-B9DB-4897-B75C-0EA8B55B059F}.Debug|x86.ActiveCfg = Debug|Win32
		{19D21B3B-B9DB-4897-B75C-0EA8B55B059F}.Debug|x86.Build.0 = Debug|Win32
		{19D21B3B-B9DB-4897-B75C-0EA8B55B059F}.Release|x64.ActiveCfg = Release|x64
		{19D21B3B-B9DB-4897-B75C-0EA8B55B059F}.Release|x64.Build.0 = Release|x64
		{19D21B3B-B9DB-4897-B75C-0EA8B55B059F}.Release|x86.ActiveCfg = Release|Win32
		{19D21B3B-B9DB-4897-B75C-0EA8B55B059F}.Release|x86.Build.0 = Release|Win32
		{83EF99BC-2F29-4A1A-9C17-ABA2E4BA6196}.Debug|x64.ActiveCfg = Debug|x64
		{83EF99BC-2F29-4A1A-9C17-ABA2E4BA6196}.Debug|x64.Build.0 = Debug|x64
		{83EF99BC-2F29-4A1A-9C17-ABA2E4BA6196}.Debug|x86.ActiveCfg = Debug|Win32
		{83EF99BC-2F29-4A1A-9C17-ABA2E4BA6196}.Debug|x86.Build.0 = Debug|Win32
		{83EF99BC-2F29-4A1A-9C17-ABA2E4BA6196}.Release|x64.ActiveCfg = Release|x64
		{83EF99BC-2F29-4A1A-9C17-ABA2E4BA6196}.Release|x64.Build.0 = Release|x64
		{83EF99BC-2F29-4A1A-9C17-ABA2E4BA6196}.Release|x86.ActiveCfg = Release|Win32
		{83EF99BC-2F29-4A1A-9C17-ABA2E4BA6196}.Release|x86.Build.0 = Release|Win32
		{A47A627F-CAAE-4EEC-8AFA-951C4B0BB034}.Debug|x64.ActiveCfg = Debug|x64
		{A47A627F-CAAE-4EEC-8AFA-951C4B0BB034}.Debug|x64.Build.0 = Debug|x64
		{A47A627F-CAAE-4EEC-8AFA-951C4B0BB034}.Debug|x86.ActiveCfg = Debug|Win32
		{A47A627F-CAAE-4EEC-8AFA-951C4B0BB034}.Debug|x86.Build.0 = Debug|Win32
		{A47A627F-CAAE-4EEC-8AFA-951C4B0BB034}.Release|x64.ActiveCfg = Release|x64
		{A47A627F-CAAE-4EEC-8AFA-951C4B0BB034}.Release|x64.Build.0 = Release|x64
		{A47A627F-CAAE-4EEC-8AFA-951C4B0BB034}.Release|x86.ActiveCfg = Release|Win32
		{A47A627F-CAAE-4EEC-8AFA-951C4B0BB034}.Release|x86.Build.0 = Release|Win32
		{3CD87903-729A-4D7A-BF9D-C6BC9576B3E2}.Debug|x64.ActiveCfg = Debug|x64
		{3CD87903-729A-4D7A-BF9D-C6BC9576B3E2}.Debug|x64.Build.0 = Debug|x64
		{3CD87903-729A-4D7A-BF9D-C6BC9576B3E2}.Debug|x86.ActiveCfg = Debug|Win32
		{3CD87903-729A-4D7A-BF9D-C6BC9576B3E2}.Debug|x86.Build.0 = Debug|Win32
		{3CD87903-729A-4D7A-BF9D-C6BC9576B3E2}.Release|x64.ActiveCfg = Release|x64
		{3CD87903-729A-4D7A-BF9D-C6BC9576B3E2}.Release|x64.Build.0 = Release|x64
		{3CD87903-729A-4D7A-BF9D-C6BC9576B3E2}.Release|x86.ActiveCfg = Release|Win32
		{3CD87903-729A-4D7A-BF9D-C6BC9576B3E2}.Release|x86.Build.0 = Release|Win32
		{37C75B50-7CA7-49A8-AA7E-6CC63DA9EAD9}.Debug|x64.ActiveCfg = Debug|x64
		{37C75B50-7CA7-49A8-AA7E-6CC63DA9EAD9}.Debug|x64.Build.0 = Debug|x64
		{37C75B50-7CA7-49A8-AA7E-6CC63DA9EAD9}.Debug|x86.ActiveCfg = Debug|Win32
		{37C75B50-7CA7-49A8-AA7E-6CC63DA9EAD9}.Debug|x86.Build.0 = Debug|Win32
		{37C75B50-7CA7-49A8-AA7E-6CC63DA9EAD9}.Release|x64.ActiveCfg = Release|x64
		{37C75B50-7CA7-49A8-AA7E-6CC63DA9EAD9}.Release|x64.Build.0 = Release|x64
		{37C75B50-7CA7-49A8-AA7E-6CC63DA9EAD9}.Release|x86.ActiveCfg = Release|Win32
		{37C75B50-7CA7-49A8-AA7E-6CC63DA9EAD9}.Release|x86.Build.0 = Release|Win32
		{87CE5905-CA65-47A0-A998-84468D8FF971}.Debug|x64.ActiveCfg = Debug|x64
		{87CE5905-CA65-47A0-A998-84468D8FF971}.Debug|x64.Build.0 = Debug|x64
		{87CE5905-CA65-47A0-A998-84468D8FF971}.Debug|x86.ActiveCfg = Debug|Win32
		{87CE5905-CA65-47A0-A998-84468D8FF971}.Debug|x86.Build.0 = Debug|Win32
		{87CE5905-CA65-47A0-A998-84468D8FF971}.Release|x64.ActiveCfg = Release|x64
		{87CE5905-CA65-47A0-A998-84468D8FF971}.Release|x64.Build.0 = Release|x64
		{87CE5905-CA65-47A0-A998-84468D8FF971}.Release|x86.ActiveCfg = Release|Win32
		{87CE5905-CA65-47A0-A998-84468D8FF971}.Release|x86.Build.0 = Release|Win32
		{25BFD7F7-C56B-422F-ADCB-2EECEEB35D1C}.Debug|x64.ActiveCfg = Debug|x64
		{25BFD7F7-C56B-422F-ADCB-2EECEEB35D1C}.Debug|x64.Build.0 = Debug|x64
		{25BFD7F7-C56B-422F-ADCB-2EECEEB35D1C}.Debug|x86.ActiveCfg = Debug|Win32
		{25BFD7F7-C56B-422F-ADCB-2EECEEB35D1C}.Debug|x86.Build.0 = Debug|Win32
		{25BFD7F7-C56B-422F-ADCB-2EECEEB35D1C}.Release|x64.ActiveCfg = Release|x64
		{25BFD7F7-C56B-422F-ADCB-2EECEEB35D1C}.Release|x64.Build.0 = Release|x64
		{25BFD7F7-C56B-422F-ADCB-2EECEEB35D1C}.Release|x86.ActiveCfg = Release|Win32
		{25BFD7F7-C56B-422F-ADCB-2EECEEB35D1C}.Release|x86.Build.0 = Release|Win32
		{975FF7C6-F4DD-44D2-92DC-526B0F6D1B46}.Debug|x64.ActiveCfg = Debug|x64
		{975FF7C6-F4DD-44D2-92DC-526B0F6D1B46}.Debug|x64.Build.0 = Debug|x64
		{975FF7C6-F4DD-44D2-92DC-526B0F6D1B46}.Debug|x86.ActiveCfg = Debug|Win32
		{975FF7C6-F4DD-44D2-92DC-526B0F6D1B46}.Debug|x86.Build.0 = Debug|Win32
		{975FF7C6-F4DD-44D2-92DC-526B0F6D1B46}.Release|x64.ActiveCfg = Release|x64
		{975FF7C6-F4DD-44D2-92DC-526B0F6D1B46}.Release|x64.Build.0 = Release|x64
		{975FF7C6-F4DD-44D2-92DC-526B0F6D1B46}.Release|x86.ActiveCfg = Release|Win32
		{975FF7C6-F4DD-44D2-92DC-526B0F6D1B46}.Release|x86.Build.0 = Release|Win32
		{10A5B43E-08C3-440A-88FE-72650C938FD9}.Debug|x64.ActiveCfg = Debug|x64
		{10A5B43E-08C3-440A-88FE-72650C938FD9}.Debug|x64.Build.0 = Debug|x64
		{10A5B43E-08C3-440A-88FE-72650C938FD9}.Debug|x86.ActiveCfg = Debug|Win32
		{10A5B43E-08C3-440A-88FE-72650C938FD9}.Debug|x86.Build.0 = Debug|Win32
		{10A5B43E-08C3-440A-88FE-72650C938FD9}.Release|x64.ActiveCfg = Release|x64
		{10A5B43E-08C3-440A-88FE-72650C938FD9}.Release|x64.Build.0 = Release|x64
		{10A5B43E-08C3-440A-88FE-72650C938FD9}.Release|x86.ActiveCfg = Release|Win32
		{10A5B43E-08C3-440A-88FE-72650C938FD9}.Release|x86.Build.0 = Release|Win32
		{13EAE88A-A613-4BF9-8236-457FFCAC525E}.Debug|x64.ActiveCfg = Debug|x64
		{13EAE88A-A613-4BF9-8236-457FFCAC525E}.Debug|x64.Build.0 = Debug|x64
		{13EAE88A-A613-4BF9-8236-457FFCAC525E}.Debug|x86.ActiveCfg = Debug|Win32
		{13EAE88A-A613-4BF9-8236-457FFCAC525E}.Debug|x86.Build.0 = Debug|Win32
		{13EAE88A-A613-4BF9-8236-457FFCAC525E}.Release|x64.ActiveCfg = Release|x64
		{13EAE88A-A613-4BF9-8236-457FFCAC525E}.Release|x64.Build.0 = Release|x64
		{13EAE88A-A613-4BF9-8236-457FFCAC525E}.Release|x86.ActiveCfg = Release|Win32
		{13EAE88A-A613-4BF9-8236-457FFCAC525E}.Release|x86.Build.0 = Release|Win32
		{A61A5FC6-927B-4C9D-B8A9-7F8FF051712C}.Debug|x64.ActiveCfg = Debug|x64
		{A61A5FC6-927B-4C9D-B8A9-7F8FF051712C}.Debug|x64.Build.0 = Debug|x64
		{A61A5FC6-927B-4C9D-B8A9-7F8FF051712C}.Debug|x86.ActiveCfg = Debug|Win32
		{A61A5FC6-927B-4C9D-B8A9-7F8FF051712C}.Debug|x86.Build.0 = Debug|Win32
		{A61A5FC6-927B-4C9D-B8A9-7F8FF051712C}.Release|x64.ActiveCfg = Release|x64
		{A61A5FC6-927B-4C9D-B8A9-7F8FF051712C}.Release|x64.Build.0 = Release|x64
		{A61A5FC6-927B-4C9D-B8A9-7F8FF051712C}.Release|x86.ActiveCfg = Release|Win32
		{A61A5FC6-927B-4C9D-B8A9-7F8FF051712C}.Release|x86.Build.0 = Release|Win32
	EndGlobalSection
	GlobalSection(SolutionProperties) = preSolution
		HideSolutionNode = FALSE
	EndGlobalSection
EndGlobal
